// !$*UTF8*$!
{
	archiveVersion = 1;
	classes = {
	};
	objectVersion = 48;
	objects = {

/* Begin PBXBuildFile section */
		4DDB9BE61F4A78AB00727928 /* AppDelegate.m in Sources */ = {isa = PBXBuildFile; fileRef = 4DDB9BE51F4A78AB00727928 /* AppDelegate.m */; };
		4DDB9BE91F4A78AB00727928 /* TODOViewController.m in Sources */ = {isa = PBXBuildFile; fileRef = 4DDB9BE81F4A78AB00727928 /* TODOViewController.m */; };
		4DDB9BEE1F4A78AB00727928 /* Assets.xcassets in Resources */ = {isa = PBXBuildFile; fileRef = 4DDB9BED1F4A78AB00727928 /* Assets.xcassets */; };
		4DDB9BF41F4A78AB00727928 /* main.m in Sources */ = {isa = PBXBuildFile; fileRef = 4DDB9BF31F4A78AB00727928 /* main.m */; };
		4DDB9BFC1F4A805500727928 /* MainViewController.m in Sources */ = {isa = PBXBuildFile; fileRef = 4DDB9BFB1F4A805500727928 /* MainViewController.m */; };
		4DDB9BFF1F4A854B00727928 /* BalanceViewController.m in Sources */ = {isa = PBXBuildFile; fileRef = 4DDB9BFE1F4A854B00727928 /* BalanceViewController.m */; };
		4DDB9C021F4A8BBC00727928 /* TODOFormVC.m in Sources */ = {isa = PBXBuildFile; fileRef = 4DDB9C011F4A8BBC00727928 /* TODOFormVC.m */; };
		FDD3575DC9C863FCED137B43 /* libPods-todo.a in Frameworks */ = {isa = PBXBuildFile; fileRef = 6A5BC06EBBB66FDFBD4C1B70 /* libPods-todo.a */; };
/* End PBXBuildFile section */

/* Begin PBXFileReference section */
		4DDB9BE11F4A78AB00727928 /* todo.app */ = {isa = PBXFileReference; explicitFileType = wrapper.application; includeInIndex = 0; path = todo.app; sourceTree = BUILT_PRODUCTS_DIR; };
		4DDB9BE41F4A78AB00727928 /* AppDelegate.h */ = {isa = PBXFileReference; lastKnownFileType = sourcecode.c.h; path = AppDelegate.h; sourceTree = "<group>"; };
		4DDB9BE51F4A78AB00727928 /* AppDelegate.m */ = {isa = PBXFileReference; lastKnownFileType = sourcecode.c.objc; path = AppDelegate.m; sourceTree = "<group>"; };
		4DDB9BE71F4A78AB00727928 /* TODOViewController.h */ = {isa = PBXFileReference; lastKnownFileType = sourcecode.c.h; path = TODOViewController.h; sourceTree = "<group>"; };
		4DDB9BE81F4A78AB00727928 /* TODOViewController.m */ = {isa = PBXFileReference; lastKnownFileType = sourcecode.c.objc; path = TODOViewController.m; sourceTree = "<group>"; };
		4DDB9BED1F4A78AB00727928 /* Assets.xcassets */ = {isa = PBXFileReference; lastKnownFileType = folder.assetcatalog; path = Assets.xcassets; sourceTree = "<group>"; };
		4DDB9BF21F4A78AB00727928 /* Info.plist */ = {isa = PBXFileReference; lastKnownFileType = text.plist.xml; path = Info.plist; sourceTree = "<group>"; };
		4DDB9BF31F4A78AB00727928 /* main.m */ = {isa = PBXFileReference; lastKnownFileType = sourcecode.c.objc; path = main.m; sourceTree = "<group>"; };
		4DDB9BFA1F4A802F00727928 /* MainViewController.h */ = {isa = PBXFileReference; lastKnownFileType = sourcecode.c.h; path = MainViewController.h; sourceTree = "<group>"; };
		4DDB9BFB1F4A805500727928 /* MainViewController.m */ = {isa = PBXFileReference; lastKnownFileType = sourcecode.c.objc; path = MainViewController.m; sourceTree = "<group>"; };
		4DDB9BFD1F4A853300727928 /* BalanceViewController.h */ = {isa = PBXFileReference; lastKnownFileType = sourcecode.c.h; path = BalanceViewController.h; sourceTree = "<group>"; };
		4DDB9BFE1F4A854B00727928 /* BalanceViewController.m */ = {isa = PBXFileReference; lastKnownFileType = sourcecode.c.objc; path = BalanceViewController.m; sourceTree = "<group>"; };
		4DDB9C001F4A8BA900727928 /* TODOFormVC.h */ = {isa = PBXFileReference; lastKnownFileType = sourcecode.c.h; path = TODOFormVC.h; sourceTree = "<group>"; };
		4DDB9C011F4A8BBC00727928 /* TODOFormVC.m */ = {isa = PBXFileReference; lastKnownFileType = sourcecode.c.objc; path = TODOFormVC.m; sourceTree = "<group>"; };
		6A5BC06EBBB66FDFBD4C1B70 /* libPods-todo.a */ = {isa = PBXFileReference; explicitFileType = archive.ar; includeInIndex = 0; path = "libPods-todo.a"; sourceTree = BUILT_PRODUCTS_DIR; };
		A38FC6268381622CC76C94EE /* Pods-todo.release.xcconfig */ = {isa = PBXFileReference; includeInIndex = 1; lastKnownFileType = text.xcconfig; name = "Pods-todo.release.xcconfig"; path = "Pods/Target Support Files/Pods-todo/Pods-todo.release.xcconfig"; sourceTree = "<group>"; };
		A6A49476E23840271B04867D /* Pods-todo.debug.xcconfig */ = {isa = PBXFileReference; includeInIndex = 1; lastKnownFileType = text.xcconfig; name = "Pods-todo.debug.xcconfig"; path = "Pods/Target Support Files/Pods-todo/Pods-todo.debug.xcconfig"; sourceTree = "<group>"; };
/* End PBXFileReference section */

/* Begin PBXFrameworksBuildPhase section */
		4DDB9BDE1F4A78AB00727928 /* Frameworks */ = {
			isa = PBXFrameworksBuildPhase;
			buildActionMask = 2147483647;
			files = (
				FDD3575DC9C863FCED137B43 /* libPods-todo.a in Frameworks */,
			);
			runOnlyForDeploymentPostprocessing = 0;
		};
/* End PBXFrameworksBuildPhase section */

/* Begin PBXGroup section */
		4DDB9BD81F4A78AB00727928 = {
			isa = PBXGroup;
			children = (
				4DDB9BE31F4A78AB00727928 /* todo */,
				4DDB9BE21F4A78AB00727928 /* Products */,
				B0B1F1B2AA371F7B74006298 /* Pods */,
				EBBDCFBDF5E0270D5F1DA6B5 /* Frameworks */,
			);
			sourceTree = "<group>";
		};
		4DDB9BE21F4A78AB00727928 /* Products */ = {
			isa = PBXGroup;
			children = (
				4DDB9BE11F4A78AB00727928 /* todo.app */,
			);
			name = Products;
			sourceTree = "<group>";
		};
		4DDB9BE31F4A78AB00727928 /* todo */ = {
			isa = PBXGroup;
			children = (
				4DDB9BE41F4A78AB00727928 /* AppDelegate.h */,
				4DDB9BE51F4A78AB00727928 /* AppDelegate.m */,
				4DDB9BFA1F4A802F00727928 /* MainViewController.h */,
				4DDB9BFB1F4A805500727928 /* MainViewController.m */,
				4DDB9BFD1F4A853300727928 /* BalanceViewController.h */,
				4DDB9BFE1F4A854B00727928 /* BalanceViewController.m */,
				4DDB9BE71F4A78AB00727928 /* TODOViewController.h */,
				4DDB9BE81F4A78AB00727928 /* TODOViewController.m */,
				4DDB9C001F4A8BA900727928 /* TODOFormVC.h */,
				4DDB9C011F4A8BBC00727928 /* TODOFormVC.m */,
				4DDB9BED1F4A78AB00727928 /* Assets.xcassets */,
				4DDB9BF21F4A78AB00727928 /* Info.plist */,
				4DDB9BF31F4A78AB00727928 /* main.m */,
			);
			path = todo;
			sourceTree = "<group>";
		};
		B0B1F1B2AA371F7B74006298 /* Pods */ = {
			isa = PBXGroup;
			children = (
				A6A49476E23840271B04867D /* Pods-todo.debug.xcconfig */,
				A38FC6268381622CC76C94EE /* Pods-todo.release.xcconfig */,
			);
			name = Pods;
			sourceTree = "<group>";
		};
		EBBDCFBDF5E0270D5F1DA6B5 /* Frameworks */ = {
			isa = PBXGroup;
			children = (
				6A5BC06EBBB66FDFBD4C1B70 /* libPods-todo.a */,
			);
			name = Frameworks;
			sourceTree = "<group>";
		};
/* End PBXGroup section */

/* Begin PBXNativeTarget section */
		4DDB9BE01F4A78AB00727928 /* todo */ = {
			isa = PBXNativeTarget;
			buildConfigurationList = 4DDB9BF71F4A78AB00727928 /* Build configuration list for PBXNativeTarget "todo" */;
			buildPhases = (
				17D5E437B29EFECF4B5BEB38 /* [CP] Check Pods Manifest.lock */,
				4DDB9BDD1F4A78AB00727928 /* Sources */,
				4DDB9BDE1F4A78AB00727928 /* Frameworks */,
				4DDB9BDF1F4A78AB00727928 /* Resources */,
				69D7FE486A4EAE3C8930445E /* [CP] Embed Pods Frameworks */,
				92D486B838F7B6B04F786861 /* [CP] Copy Pods Resources */,
			);
			buildRules = (
			);
			dependencies = (
			);
			name = todo;
			productName = todo;
			productReference = 4DDB9BE11F4A78AB00727928 /* todo.app */;
			productType = "com.apple.product-type.application";
		};
/* End PBXNativeTarget section */

/* Begin PBXProject section */
		4DDB9BD91F4A78AB00727928 /* Project object */ = {
			isa = PBXProject;
			attributes = {
				LastUpgradeCheck = 0900;
				ORGANIZATIONNAME = carolxfyang;
				TargetAttributes = {
					4DDB9BE01F4A78AB00727928 = {
						CreatedOnToolsVersion = 9.0;
					};
				};
			};
			buildConfigurationList = 4DDB9BDC1F4A78AB00727928 /* Build configuration list for PBXProject "todo" */;
			compatibilityVersion = "Xcode 8.0";
			developmentRegion = en;
			hasScannedForEncodings = 0;
			knownRegions = (
				en,
				Base,
			);
			mainGroup = 4DDB9BD81F4A78AB00727928;
			productRefGroup = 4DDB9BE21F4A78AB00727928 /* Products */;
			projectDirPath = "";
			projectRoot = "";
			targets = (
				4DDB9BE01F4A78AB00727928 /* todo */,
			);
		};
/* End PBXProject section */

/* Begin PBXResourcesBuildPhase section */
		4DDB9BDF1F4A78AB00727928 /* Resources */ = {
			isa = PBXResourcesBuildPhase;
			buildActionMask = 2147483647;
			files = (
				4DDB9BEE1F4A78AB00727928 /* Assets.xcassets in Resources */,
			);
			runOnlyForDeploymentPostprocessing = 0;
		};
/* End PBXResourcesBuildPhase section */

/* Begin PBXShellScriptBuildPhase section */
		17D5E437B29EFECF4B5BEB38 /* [CP] Check Pods Manifest.lock */ = {
			isa = PBXShellScriptBuildPhase;
			buildActionMask = 2147483647;
			files = (
			);
			inputPaths = (
				"${PODS_PODFILE_DIR_PATH}/Podfile.lock",
				"${PODS_ROOT}/Manifest.lock",
			);
			name = "[CP] Check Pods Manifest.lock";
			outputPaths = (
				"$(DERIVED_FILE_DIR)/Pods-todo-checkManifestLockResult.txt",
			);
			runOnlyForDeploymentPostprocessing = 0;
			shellPath = /bin/sh;
			shellScript = "diff \"${PODS_PODFILE_DIR_PATH}/Podfile.lock\" \"${PODS_ROOT}/Manifest.lock\" > /dev/null\nif [ $? != 0 ] ; then\n    # print error to STDERR\n    echo \"error: The sandbox is not in sync with the Podfile.lock. Run 'pod install' or update your CocoaPods installation.\" >&2\n    exit 1\nfi\n# This output is used by Xcode 'outputs' to avoid re-running this script phase.\necho \"SUCCESS\" > \"${SCRIPT_OUTPUT_FILE_0}\"\n";
			showEnvVarsInLog = 0;
		};
		69D7FE486A4EAE3C8930445E /* [CP] Embed Pods Frameworks */ = {
			isa = PBXShellScriptBuildPhase;
			buildActionMask = 2147483647;
			files = (
			);
			inputPaths = (
			);
			name = "[CP] Embed Pods Frameworks";
			outputPaths = (
			);
			runOnlyForDeploymentPostprocessing = 0;
			shellPath = /bin/sh;
			shellScript = "\"${SRCROOT}/Pods/Target Support Files/Pods-todo/Pods-todo-frameworks.sh\"\n";
			showEnvVarsInLog = 0;
		};
		92D486B838F7B6B04F786861 /* [CP] Copy Pods Resources */ = {
			isa = PBXShellScriptBuildPhase;
			buildActionMask = 2147483647;
			files = (
			);
			inputPaths = (
				"${SRCROOT}/Pods/Target Support Files/Pods-todo/Pods-todo-resources.sh",
				"${PODS_ROOT}/AMap2DMap/MAMapKit.framework/AMap.bundle",
				"${PODS_ROOT}/MJRefresh/MJRefresh/MJRefresh.bundle",
				"${PODS_ROOT}/XLForm/XLForm/XLForm.bundle",
			);
			name = "[CP] Copy Pods Resources";
			outputPaths = (
				"${TARGET_BUILD_DIR}/${UNLOCALIZED_RESOURCES_FOLDER_PATH}",
			);
			runOnlyForDeploymentPostprocessing = 0;
			shellPath = /bin/sh;
			shellScript = "\"${SRCROOT}/Pods/Target Support Files/Pods-todo/Pods-todo-resources.sh\"\n";
			showEnvVarsInLog = 0;
		};
/* End PBXShellScriptBuildPhase section */

/* Begin PBXSourcesBuildPhase section */
		4DDB9BDD1F4A78AB00727928 /* Sources */ = {
			isa = PBXSourcesBuildPhase;
			buildActionMask = 2147483647;
			files = (
				4DDB9BE91F4A78AB00727928 /* TODOViewController.m in Sources */,
				4DDB9BFF1F4A854B00727928 /* BalanceViewController.m in Sources */,
				4DDB9C021F4A8BBC00727928 /* TODOFormVC.m in Sources */,
				4DDB9BF41F4A78AB00727928 /* main.m in Sources */,
				4DDB9BE61F4A78AB00727928 /* AppDelegate.m in Sources */,
				4DDB9BFC1F4A805500727928 /* MainViewController.m in Sources */,
			);
			runOnlyForDeploymentPostprocessing = 0;
		};
/* End PBXSourcesBuildPhase section */

/* Begin XCBuildConfiguration section */
		4DDB9BF51F4A78AB00727928 /* Debug */ = {
			isa = XCBuildConfiguration;
			buildSettings = {
				ALWAYS_SEARCH_USER_PATHS = NO;
				CLANG_ANALYZER_NONNULL = YES;
				CLANG_ANALYZER_NUMBER_OBJECT_CONVERSION = YES_AGGRESSIVE;
				CLANG_CXX_LANGUAGE_STANDARD = "gnu++14";
				CLANG_CXX_LIBRARY = "libc++";
				CLANG_ENABLE_MODULES = YES;
				CLANG_ENABLE_OBJC_ARC = YES;
				CLANG_WARN_BLOCK_CAPTURE_AUTORELEASING = YES;
				CLANG_WARN_BOOL_CONVERSION = YES;
				CLANG_WARN_COMMA = YES;
				CLANG_WARN_CONSTANT_CONVERSION = YES;
				CLANG_WARN_DIRECT_OBJC_ISA_USAGE = YES_ERROR;
				CLANG_WARN_DOCUMENTATION_COMMENTS = YES;
				CLANG_WARN_EMPTY_BODY = YES;
				CLANG_WARN_ENUM_CONVERSION = YES;
				CLANG_WARN_INFINITE_RECURSION = YES;
				CLANG_WARN_INT_CONVERSION = YES;
				CLANG_WARN_NON_LITERAL_NULL_CONVERSION = YES;
				CLANG_WARN_OBJC_LITERAL_CONVERSION = YES;
				CLANG_WARN_OBJC_ROOT_CLASS = YES_ERROR;
				CLANG_WARN_RANGE_LOOP_ANALYSIS = YES;
				CLANG_WARN_STRICT_PROTOTYPES = YES;
				CLANG_WARN_SUSPICIOUS_MOVE = YES;
				CLANG_WARN_UNGUARDED_AVAILABILITY = YES_AGGRESSIVE;
				CLANG_WARN_UNREACHABLE_CODE = YES;
				CLANG_WARN__DUPLICATE_METHOD_MATCH = YES;
				CODE_SIGN_IDENTITY = "iPhone Developer";
				COPY_PHASE_STRIP = NO;
				DEBUG_INFORMATION_FORMAT = dwarf;
				ENABLE_STRICT_OBJC_MSGSEND = YES;
				ENABLE_TESTABILITY = YES;
				GCC_C_LANGUAGE_STANDARD = gnu11;
				GCC_DYNAMIC_NO_PIC = NO;
				GCC_NO_COMMON_BLOCKS = YES;
				GCC_OPTIMIZATION_LEVEL = 0;
				GCC_PREPROCESSOR_DEFINITIONS = (
					"DEBUG=1",
					"$(inherited)",
				);
				GCC_WARN_64_TO_32_BIT_CONVERSION = YES;
				GCC_WARN_ABOUT_RETURN_TYPE = YES_ERROR;
				GCC_WARN_UNDECLARED_SELECTOR = YES;
				GCC_WARN_UNINITIALIZED_AUTOS = YES_AGGRESSIVE;
				GCC_WARN_UNUSED_FUNCTION = YES;
				GCC_WARN_UNUSED_VARIABLE = YES;
				IPHONEOS_DEPLOYMENT_TARGET = 11.0;
				MTL_ENABLE_DEBUG_INFO = YES;
				ONLY_ACTIVE_ARCH = YES;
				SDKROOT = iphoneos;
			};
			name = Debug;
		};
		4DDB9BF61F4A78AB00727928 /* Release */ = {
			isa = XCBuildConfiguration;
			buildSettings = {
				ALWAYS_SEARCH_USER_PATHS = NO;
				CLANG_ANALYZER_NONNULL = YES;
				CLANG_ANALYZER_NUMBER_OBJECT_CONVERSION = YES_AGGRESSIVE;
				CLANG_CXX_LANGUAGE_STANDARD = "gnu++14";
				CLANG_CXX_LIBRARY = "libc++";
				CLANG_ENABLE_MODULES = YES;
				CLANG_ENABLE_OBJC_ARC = YES;
				CLANG_WARN_BLOCK_CAPTURE_AUTORELEASING = YES;
				CLANG_WARN_BOOL_CONVERSION = YES;
				CLANG_WARN_COMMA = YES;
				CLANG_WARN_CONSTANT_CONVERSION = YES;
				CLANG_WARN_DIRECT_OBJC_ISA_USAGE = YES_ERROR;
				CLANG_WARN_DOCUMENTATION_COMMENTS = YES;
				CLANG_WARN_EMPTY_BODY = YES;
				CLANG_WARN_ENUM_CONVERSION = YES;
				CLANG_WARN_INFINITE_RECURSION = YES;
				CLANG_WARN_INT_CONVERSION = YES;
				CLANG_WARN_NON_LITERAL_NULL_CONVERSION = YES;
				CLANG_WARN_OBJC_LITERAL_CONVERSION = YES;
				CLANG_WARN_OBJC_ROOT_CLASS = YES_ERROR;
				CLANG_WARN_RANGE_LOOP_ANALYSIS = YES;
				CLANG_WARN_STRICT_PROTOTYPES = YES;
				CLANG_WARN_SUSPICIOUS_MOVE = YES;
				CLANG_WARN_UNGUARDED_AVAILABILITY = YES_AGGRESSIVE;
				CLANG_WARN_UNREACHABLE_CODE = YES;
				CLANG_WARN__DUPLICATE_METHOD_MATCH = YES;
				CODE_SIGN_IDENTITY = "iPhone Developer";
				COPY_PHASE_STRIP = NO;
				DEBUG_INFORMATION_FORMAT = "dwarf-with-dsym";
				ENABLE_NS_ASSERTIONS = NO;
				ENABLE_STRICT_OBJC_MSGSEND = YES;
				GCC_C_LANGUAGE_STANDARD = gnu11;
				GCC_NO_COMMON_BLOCKS = YES;
				GCC_WARN_64_TO_32_BIT_CONVERSION = YES;
				GCC_WARN_ABOUT_RETURN_TYPE = YES_ERROR;
				GCC_WARN_UNDECLARED_SELECTOR = YES;
				GCC_WARN_UNINITIALIZED_AUTOS = YES_AGGRESSIVE;
				GCC_WARN_UNUSED_FUNCTION = YES;
				GCC_WARN_UNUSED_VARIABLE = YES;
				IPHONEOS_DEPLOYMENT_TARGET = 11.0;
				MTL_ENABLE_DEBUG_INFO = NO;
				SDKROOT = iphoneos;
				VALIDATE_PRODUCT = YES;
			};
			name = Release;
		};
		4DDB9BF81F4A78AB00727928 /* Debug */ = {
			isa = XCBuildConfiguration;
			baseConfigurationReference = A6A49476E23840271B04867D /* Pods-todo.debug.xcconfig */;
			buildSettings = {
				ASSETCATALOG_COMPILER_APPICON_NAME = AppIcon;
				INFOPLIST_FILE = todo/Info.plist;
				LD_RUNPATH_SEARCH_PATHS = "$(inherited) @executable_path/Frameworks";
				PRODUCT_BUNDLE_IDENTIFIER = com.kokokod.hellow.todo;
				PRODUCT_NAME = "$(TARGET_NAME)";
				TARGETED_DEVICE_FAMILY = "1,2";
			};
			name = Debug;
		};
		4DDB9BF91F4A78AB00727928 /* Release */ = {
			isa = XCBuildConfiguration;
			baseConfigurationReference = A38FC6268381622CC76C94EE /* Pods-todo.release.xcconfig */;
			buildSettings = {
				ASSETCATALOG_COMPILER_APPICON_NAME = AppIcon;
				INFOPLIST_FILE = todo/Info.plist;
				LD_RUNPATH_SEARCH_PATHS = "$(inherited) @executable_path/Frameworks";
				PRODUCT_BUNDLE_IDENTIFIER = com.kokokod.hellow.todo;
				PRODUCT_NAME = "$(TARGET_NAME)";
				TARGETED_DEVICE_FAMILY = "1,2";
			};
			name = Release;
		};
/* End XCBuildConfiguration section */

/* Begin XCConfigurationList section */
		4DDB9BDC1F4A78AB00727928 /* Build configuration list for PBXProject "todo" */ = {
			isa = XCConfigurationList;
			buildConfigurations = (
				4DDB9BF51F4A78AB00727928 /* Debug */,
				4DDB9BF61F4A78AB00727928 /* Release */,
			);
			defaultConfigurationIsVisible = 0;
			defaultConfigurationName = Release;
		};
		4DDB9BF71F4A78AB00727928 /* Build configuration list for PBXNativeTarget "todo" */ = {
			isa = XCConfigurationList;
			buildConfigurations = (
				4DDB9BF81F4A78AB00727928 /* Debug */,
				4DDB9BF91F4A78AB00727928 /* Release */,
			);
			defaultConfigurationIsVisible = 0;
			defaultConfigurationName = Release;
		};
/* End XCConfigurationList section */
	};
	rootObject = 4DDB9BD91F4A78AB00727928 /* Project object */;
}
